
Microsoft Visual Studio Solution File, Format Version 12.00
# Visual Studio Version 17
VisualStudioVersion = 17.3.32825.248
MinimumVisualStudioVersion = 10.0.40219.1
Project("{FAE04EC0-301F-11D3-BF4B-00C04F79EFBC}") = "devis-asp.net core mvc react.js", "devis-asp.net core mvc react.js.csproj", "{39489960-A6F7-4081-9B67-3443F1002289}"
EndProject
Global
	GlobalSection(SolutionConfigurationPlatforms) = preSolution
		Debug|Any CPU = Debug|Any CPU
		Release|Any CPU = Release|Any CPU
	EndGlobalSection
	GlobalSection(ProjectConfigurationPlatforms) = postSolution
		{39489960-A6F7-4081-9B67-3443F1002289}.Debug|Any CPU.ActiveCfg = Debug|Any CPU
		{39489960-A6F7-4081-9B67-3443F1002289}.Debug|Any CPU.Build.0 = Debug|Any CPU
		{39489960-A6F7-4081-9B67-3443F1002289}.Release|Any CPU.ActiveCfg = Release|Any CPU
		{39489960-A6F7-4081-9B67-3443F1002289}.Release|Any CPU.Build.0 = Release|Any CPU
	EndGlobalSection
	GlobalSection(SolutionProperties) = preSolution
		HideSolutionNode = FALSE
	EndGlobalSection
	GlobalSection(ExtensibilityGlobals) = postSolution
		SolutionGuid = {10B2EFEC-6A6C-4840-98EB-684170BA0804}
	EndGlobalSection
EndGlobal
